
Microsoft Visual Studio Solution File, Format Version 12.00
# Visual Studio 15
VisualStudioVersion = 15.0.26430.13
MinimumVisualStudioVersion = 10.0.40219.1
Project("{FAE04EC0-301F-11D3-BF4B-00C04F79EFBC}") = "DSL", "DSL\DSL.csproj", "{CF8AFCA9-CE37-42F4-A750-A820FC95F6FE}"
EndProject
Global
	GlobalSection(SolutionConfigurationPlatforms) = preSolution
		Debug|Any CPU = Debug|Any CPU
		Release|Any CPU = Release|Any CPU
	EndGlobalSection
	GlobalSection(ProjectConfigurationPlatforms) = postSolution
		{CF8AFCA9-CE37-42F4-A750-A820FC95F6FE}.Debug|Any CPU.ActiveCfg = Debug|Any CPU
		{CF8AFCA9-CE37-42F4-A750-A820FC95F6FE}.Debug|Any CPU.Build.0 = Debug|Any CPU
		{CF8AFCA9-CE37-42F4-A750-A820FC95F6FE}.Release|Any CPU.ActiveCfg = Release|Any CPU
		{CF8AFCA9-CE37-42F4-A750-A820FC95F6FE}.Release|Any CPU.Build.0 = Release|Any CPU
	EndGlobalSection
	GlobalSection(SolutionProperties) = preSolution
		HideSolutionNode = FALSE
	EndGlobalSection
EndGlobal
